
Microsoft Visual Studio Solution File, Format Version 12.00
# Visual Studio 2013
VisualStudioVersion = 12.0.30723.0
MinimumVisualStudioVersion = 10.0.40219.1
Project("{FAE04EC0-301F-11D3-BF4B-00C04F79EFBC}") = "University1Entity", "University1Entity\University1Entity.csproj", "{53012A03-3EBB-442F-AA37-8D19544ADA1D}"
EndProject
Project("{FAE04EC0-301F-11D3-BF4B-00C04F79EFBC}") = "DAL", "DAL\DAL.csproj", "{AECFC196-C544-48A8-9659-4AE2845F0772}"
EndProject
Project("{FAE04EC0-301F-11D3-BF4B-00C04F79EFBC}") = "DBModels", "DBModels\DBModels.csproj", "{2818E7F2-8252-4954-899F-E62555410033}"
EndProject
Project("{FAE04EC0-301F-11D3-BF4B-00C04F79EFBC}") = "BLL", "BLL\BLL.csproj", "{BFD33A57-DCFA-4B43-9DE8-35A02D707E4C}"
EndProject
Project("{FAE04EC0-301F-11D3-BF4B-00C04F79EFBC}") = "WebUniversity1Entity", "WebUniversity1Entity\WebUniversity1Entity.csproj", "{4701FE42-BF7E-49CC-8270-7637A92E64EF}"
EndProject
Project("{FAE04EC0-301F-11D3-BF4B-00C04F79EFBC}") = "UnitTestProject", "UnitTestProject\UnitTestProject.csproj", "{99F3DD8F-9176-4049-8CA9-CDF808477A70}"
EndProject
Project("{FAE04EC0-301F-11D3-BF4B-00C04F79EFBC}") = "WebApplicationApi", "WebApplicationApi\WebApplicationApi.csproj", "{5C7F4DFD-6228-4727-9E83-29B6F15F9A86}"
EndProject
Global
	GlobalSection(SolutionConfigurationPlatforms) = preSolution
		Debug|Any CPU = Debug|Any CPU
		Release|Any CPU = Release|Any CPU
	EndGlobalSection
	GlobalSection(ProjectConfigurationPlatforms) = postSolution
		{53012A03-3EBB-442F-AA37-8D19544ADA1D}.Debug|Any CPU.ActiveCfg = Debug|Any CPU
		{53012A03-3EBB-442F-AA37-8D19544ADA1D}.Debug|Any CPU.Build.0 = Debug|Any CPU
		{53012A03-3EBB-442F-AA37-8D19544ADA1D}.Release|Any CPU.ActiveCfg = Release|Any CPU
		{53012A03-3EBB-442F-AA37-8D19544ADA1D}.Release|Any CPU.Build.0 = Release|Any CPU
		{AECFC196-C544-48A8-9659-4AE2845F0772}.Debug|Any CPU.ActiveCfg = Debug|Any CPU
		{AECFC196-C544-48A8-9659-4AE2845F0772}.Debug|Any CPU.Build.0 = Debug|Any CPU
		{AECFC196-C544-48A8-9659-4AE2845F0772}.Release|Any CPU.ActiveCfg = Release|Any CPU
		{AECFC196-C544-48A8-9659-4AE2845F0772}.Release|Any CPU.Build.0 = Release|Any CPU
		{2818E7F2-8252-4954-899F-E62555410033}.Debug|Any CPU.ActiveCfg = Debug|Any CPU
		{2818E7F2-8252-4954-899F-E62555410033}.Debug|Any CPU.Build.0 = Debug|Any CPU
		{2818E7F2-8252-4954-899F-E62555410033}.Release|Any CPU.ActiveCfg = Release|Any CPU
		{2818E7F2-8252-4954-899F-E62555410033}.Release|Any CPU.Build.0 = Release|Any CPU
		{BFD33A57-DCFA-4B43-9DE8-35A02D707E4C}.Debug|Any CPU.ActiveCfg = Debug|Any CPU
		{BFD33A57-DCFA-4B43-9DE8-35A02D707E4C}.Debug|Any CPU.Build.0 = Debug|Any CPU
		{BFD33A57-DCFA-4B43-9DE8-35A02D707E4C}.Release|Any CPU.ActiveCfg = Release|Any CPU
		{BFD33A57-DCFA-4B43-9DE8-35A02D707E4C}.Release|Any CPU.Build.0 = Release|Any CPU
		{4701FE42-BF7E-49CC-8270-7637A92E64EF}.Debug|Any CPU.ActiveCfg = Debug|Any CPU
		{4701FE42-BF7E-49CC-8270-7637A92E64EF}.Debug|Any CPU.Build.0 = Debug|Any CPU
		{4701FE42-BF7E-49CC-8270-7637A92E64EF}.Release|Any CPU.ActiveCfg = Release|Any CPU
		{4701FE42-BF7E-49CC-8270-7637A92E64EF}.Release|Any CPU.Build.0 = Release|Any CPU
		{99F3DD8F-9176-4049-8CA9-CDF808477A70}.Debug|Any CPU.ActiveCfg = Debug|Any CPU
		{99F3DD8F-9176-4049-8CA9-CDF808477A70}.Debug|Any CPU.Build.0 = Debug|Any CPU
		{99F3DD8F-9176-4049-8CA9-CDF808477A70}.Release|Any CPU.ActiveCfg = Release|Any CPU
		{99F3DD8F-9176-4049-8CA9-CDF808477A70}.Release|Any CPU.Build.0 = Release|Any CPU
		{5C7F4DFD-6228-4727-9E83-29B6F15F9A86}.Debug|Any CPU.ActiveCfg = Debug|Any CPU
		{5C7F4DFD-6228-4727-9E83-29B6F15F9A86}.Debug|Any CPU.Build.0 = Debug|Any CPU
		{5C7F4DFD-6228-4727-9E83-29B6F15F9A86}.Release|Any CPU.ActiveCfg = Release|Any CPU
		{5C7F4DFD-6228-4727-9E83-29B6F15F9A86}.Release|Any CPU.Build.0 = Release|Any CPU
	EndGlobalSection
	GlobalSection(SolutionProperties) = preSolution
		HideSolutionNode = FALSE
	EndGlobalSection
EndGlobal
